
Microsoft Visual Studio Solution File, Format Version 12.00
# Visual Studio Version 16
VisualStudioVersion = 16.0.29326.143
MinimumVisualStudioVersion = 10.0.40219.1
Project("{FAE04EC0-301F-11D3-BF4B-00C04F79EFBC}") = "Encryption_Task12", "Encryption_Task12\Encryption_Task12.csproj", "{F9149019-E28C-4E12-85FD-0DE5BCA2320D}"
EndProject
Global
	GlobalSection(SolutionConfigurationPlatforms) = preSolution
		Debug|Any CPU = Debug|Any CPU
		Release|Any CPU = Release|Any CPU
	EndGlobalSection
	GlobalSection(ProjectConfigurationPlatforms) = postSolution
		{F9149019-E28C-4E12-85FD-0DE5BCA2320D}.Debug|Any CPU.ActiveCfg = Debug|Any CPU
		{F9149019-E28C-4E12-85FD-0DE5BCA2320D}.Debug|Any CPU.Build.0 = Debug|Any CPU
		{F9149019-E28C-4E12-85FD-0DE5BCA2320D}.Release|Any CPU.ActiveCfg = Release|Any CPU
		{F9149019-E28C-4E12-85FD-0DE5BCA2320D}.Release|Any CPU.Build.0 = Release|Any CPU
	EndGlobalSection
	GlobalSection(SolutionProperties) = preSolution
		HideSolutionNode = FALSE
	EndGlobalSection
	GlobalSection(ExtensibilityGlobals) = postSolution
		SolutionGuid = {5B4D7B28-450C-4BDD-B527-F00819E4E48A}
	EndGlobalSection
EndGlobal
